
Microsoft Visual Studio Solution File, Format Version 12.00
# Visual Studio Version 17
VisualStudioVersion = 17.11.35312.102
MinimumVisualStudioVersion = 10.0.40219.1
Project("{FAE04EC0-301F-11D3-BF4B-00C04F79EFBC}") = "Lab_6", "Lab_6\Lab_6.csproj", "{454E8DD3-39C4-4EE7-8A3A-22653D4D2E36}"
EndProject
Project("{FAE04EC0-301F-11D3-BF4B-00C04F79EFBC}") = "TestLab_6", "TestLab_6\TestLab_6.csproj", "{09FBEF27-87AC-4E75-92C1-D631EC3A141B}"
EndProject
Global
	GlobalSection(SolutionConfigurationPlatforms) = preSolution
		Debug|Any CPU = Debug|Any CPU
		Release|Any CPU = Release|Any CPU
	EndGlobalSection
	GlobalSection(ProjectConfigurationPlatforms) = postSolution
		{454E8DD3-39C4-4EE7-8A3A-22653D4D2E36}.Debug|Any CPU.ActiveCfg = Debug|Any CPU
		{454E8DD3-39C4-4EE7-8A3A-22653D4D2E36}.Debug|Any CPU.Build.0 = Debug|Any CPU
		{454E8DD3-39C4-4EE7-8A3A-22653D4D2E36}.Release|Any CPU.ActiveCfg = Release|Any CPU
		{454E8DD3-39C4-4EE7-8A3A-22653D4D2E36}.Release|Any CPU.Build.0 = Release|Any CPU
		{09FBEF27-87AC-4E75-92C1-D631EC3A141B}.Debug|Any CPU.ActiveCfg = Debug|Any CPU
		{09FBEF27-87AC-4E75-92C1-D631EC3A141B}.Debug|Any CPU.Build.0 = Debug|Any CPU
		{09FBEF27-87AC-4E75-92C1-D631EC3A141B}.Release|Any CPU.ActiveCfg = Release|Any CPU
		{09FBEF27-87AC-4E75-92C1-D631EC3A141B}.Release|Any CPU.Build.0 = Release|Any CPU
	EndGlobalSection
	GlobalSection(SolutionProperties) = preSolution
		HideSolutionNode = FALSE
	EndGlobalSection
	GlobalSection(ExtensibilityGlobals) = postSolution
		SolutionGuid = {51FB7557-9F46-4C86-A272-9CA9D2F554FD}
	EndGlobalSection
EndGlobal
